PODS:
  - Alamofire (5.1.0)
  - iOSDropDown (0.3.4)
  - IQKeyboardManagerSwift (6.5.5)

DEPENDENCIES:
  - Alamofire (~> 5.1)
  - iOSDropDown
  - IQKeyboardManagerSwift

SPEC REPOS:
  trunk:
    - Alamofire
    - iOSDropDown
    - IQKeyboardManagerSwift

SPEC CHECKSUMS:
  Alamofire: 9d5c5f602928e512395b30950c5984eca840093c
  iOSDropDown: c10a761f9a00c3f1cc9d3bce43ae504628e2f692
  IQKeyboardManagerSwift: 0fb93310284665245591f50f7a5e38de615960b7

PODFILE CHECKSUM: 107ab5dd69e0de5026bb11f44e752557af01b34a

COCOAPODS: 1.8.4
