// !$*UTF8*$!
{
	archiveVersion = 1;
	classes = {
	};
	objectVersion = 51;
	objects = {

/* Begin PBXBuildFile section */
		6BC456902491F5ED00F68466 /* CategoryCollectionViewCell.swift in Sources */ = {isa = PBXBuildFile; fileRef = 6BC4568E2491F5ED00F68466 /* CategoryCollectionViewCell.swift */; };
		6BC456912491F5ED00F68466 /* CategoryCollectionViewCell.xib in Resources */ = {isa = PBXBuildFile; fileRef = 6BC4568F2491F5ED00F68466 /* CategoryCollectionViewCell.xib */; };
		6BC456942492196F00F68466 /* ProductCollectionViewCell.swift in Sources */ = {isa = PBXBuildFile; fileRef = 6BC456922492196F00F68466 /* ProductCollectionViewCell.swift */; };
		6BC456952492196F00F68466 /* ProductCollectionViewCell.xib in Resources */ = {isa = PBXBuildFile; fileRef = 6BC456932492196F00F68466 /* ProductCollectionViewCell.xib */; };
		6BC4569724921B6200F68466 /* ProductsViewController.swift in Sources */ = {isa = PBXBuildFile; fileRef = 6BC4569624921B6200F68466 /* ProductsViewController.swift */; };
		6BC4569924924D2E00F68466 /* CoreData.framework in Frameworks */ = {isa = PBXBuildFile; fileRef = 6BC4569824924D2D00F68466 /* CoreData.framework */; };
		6BD929062490D720000A081B /* AppDelegate.swift in Sources */ = {isa = PBXBuildFile; fileRef = 6BD929052490D720000A081B /* AppDelegate.swift */; };
		6BD929082490D720000A081B /* SceneDelegate.swift in Sources */ = {isa = PBXBuildFile; fileRef = 6BD929072490D720000A081B /* SceneDelegate.swift */; };
		6BD9290A2490D720000A081B /* ViewController.swift in Sources */ = {isa = PBXBuildFile; fileRef = 6BD929092490D720000A081B /* ViewController.swift */; };
		6BD9290D2490D720000A081B /* Main.storyboard in Resources */ = {isa = PBXBuildFile; fileRef = 6BD9290B2490D720000A081B /* Main.storyboard */; };
		6BD929102490D720000A081B /* SAT.xcdatamodeld in Sources */ = {isa = PBXBuildFile; fileRef = 6BD9290E2490D720000A081B /* SAT.xcdatamodeld */; };
		6BD929122490D724000A081B /* Assets.xcassets in Resources */ = {isa = PBXBuildFile; fileRef = 6BD929112490D724000A081B /* Assets.xcassets */; };
		6BD929152490D724000A081B /* LaunchScreen.storyboard in Resources */ = {isa = PBXBuildFile; fileRef = 6BD929132490D724000A081B /* LaunchScreen.storyboard */; };
		6BD929202490D724000A081B /* SATTests.swift in Sources */ = {isa = PBXBuildFile; fileRef = 6BD9291F2490D724000A081B /* SATTests.swift */; };
		6BD9292B2490D724000A081B /* SATUITests.swift in Sources */ = {isa = PBXBuildFile; fileRef = 6BD9292A2490D724000A081B /* SATUITests.swift */; };
		6BD9293E2490E28D000A081B /* Utils.swift in Sources */ = {isa = PBXBuildFile; fileRef = 6BD9293B2490E28C000A081B /* Utils.swift */; };
		6BD9293F2490E28D000A081B /* Reachability.swift in Sources */ = {isa = PBXBuildFile; fileRef = 6BD9293C2490E28D000A081B /* Reachability.swift */; };
		6BD929402490E28D000A081B /* BaseView.swift in Sources */ = {isa = PBXBuildFile; fileRef = 6BD9293D2490E28D000A081B /* BaseView.swift */; };
		6BD929492490E8F8000A081B /* SWRevealViewController.m in Sources */ = {isa = PBXBuildFile; fileRef = 6BD929472490E8F8000A081B /* SWRevealViewController.m */; };
		6BD9294B2490FF7C000A081B /* NetworkManager.swift in Sources */ = {isa = PBXBuildFile; fileRef = 6BD9294A2490FF7C000A081B /* NetworkManager.swift */; };
		6BD9294D249102B0000A081B /* ProductsViewModel.swift in Sources */ = {isa = PBXBuildFile; fileRef = 6BD9294C249102B0000A081B /* ProductsViewModel.swift */; };
		6BD9294F24910C62000A081B /* CategoryViewController.swift in Sources */ = {isa = PBXBuildFile; fileRef = 6BD9294E24910C62000A081B /* CategoryViewController.swift */; };
		ACF635396861CDDF968774FC /* Pods_SAT_SATUITests.framework in Frameworks */ = {isa = PBXBuildFile; fileRef = CB056070D4EFA0877B8C485A /* Pods_SAT_SATUITests.framework */; };
		CCF0C5B725AEAA90DA6390AB /* Pods_SAT.framework in Frameworks */ = {isa = PBXBuildFile; fileRef = 4AF11398C5D91CEFFF72FD80 /* Pods_SAT.framework */; };
		D28F6B48F8057EC81B68EBC2 /* Pods_SATTests.framework in Frameworks */ = {isa = PBXBuildFile; fileRef = 50B2C4AB9894B70867E141DF /* Pods_SATTests.framework */; };
/* End PBXBuildFile section */

/* Begin PBXContainerItemProxy section */
		6BD9291C2490D724000A081B /* PBXContainerItemProxy */ = {
			isa = PBXContainerItemProxy;
			containerPortal = 6BD928FA2490D720000A081B /* Project object */;
			proxyType = 1;
			remoteGlobalIDString = 6BD929012490D720000A081B;
			remoteInfo = SAT;
		};
		6BD929272490D724000A081B /* PBXContainerItemProxy */ = {
			isa = PBXContainerItemProxy;
			containerPortal = 6BD928FA2490D720000A081B /* Project object */;
			proxyType = 1;
			remoteGlobalIDString = 6BD929012490D720000A081B;
			remoteInfo = SAT;
		};
/* End PBXContainerItemProxy section */

/* Begin PBXFileReference section */
		06B93BD2F026C36C56928088 /* Pods-SAT-SATUITests.release.xcconfig */ = {isa = PBXFileReference; includeInIndex = 1; lastKnownFileType = text.xcconfig; name = "Pods-SAT-SATUITests.release.xcconfig"; path = "Target Support Files/Pods-SAT-SATUITests/Pods-SAT-SATUITests.release.xcconfig"; sourceTree = "<group>"; };
		2E686059F37BECA62E34FBA0 /* Pods-SAT-SATUITests.debug.xcconfig */ = {isa = PBXFileReference; includeInIndex = 1; lastKnownFileType = text.xcconfig; name = "Pods-SAT-SATUITests.debug.xcconfig"; path = "Target Support Files/Pods-SAT-SATUITests/Pods-SAT-SATUITests.debug.xcconfig"; sourceTree = "<group>"; };
		4AF11398C5D91CEFFF72FD80 /* Pods_SAT.framework */ = {isa = PBXFileReference; explicitFileType = wrapper.framework; includeInIndex = 0; path = Pods_SAT.framework; sourceTree = BUILT_PRODUCTS_DIR; };
		50B2C4AB9894B70867E141DF /* Pods_SATTests.framework */ = {isa = PBXFileReference; explicitFileType = wrapper.framework; includeInIndex = 0; path = Pods_SATTests.framework; sourceTree = BUILT_PRODUCTS_DIR; };
		675D6F935590FF9956A9D934 /* Pods-SAT.release.xcconfig */ = {isa = PBXFileReference; includeInIndex = 1; lastKnownFileType = text.xcconfig; name = "Pods-SAT.release.xcconfig"; path = "Target Support Files/Pods-SAT/Pods-SAT.release.xcconfig"; sourceTree = "<group>"; };
		6879AD487EC0EEEAF0A4A68E /* Pods-SATTests.debug.xcconfig */ = {isa = PBXFileReference; includeInIndex = 1; lastKnownFileType = text.xcconfig; name = "Pods-SATTests.debug.xcconfig"; path = "Target Support Files/Pods-SATTests/Pods-SATTests.debug.xcconfig"; sourceTree = "<group>"; };
		6BC4568E2491F5ED00F68466 /* CategoryCollectionViewCell.swift */ = {isa = PBXFileReference; lastKnownFileType = sourcecode.swift; path = CategoryCollectionViewCell.swift; sourceTree = "<group>"; };
		6BC4568F2491F5ED00F68466 /* CategoryCollectionViewCell.xib */ = {isa = PBXFileReference; lastKnownFileType = file.xib; path = CategoryCollectionViewCell.xib; sourceTree = "<group>"; };
		6BC456922492196F00F68466 /* ProductCollectionViewCell.swift */ = {isa = PBXFileReference; lastKnownFileType = sourcecode.swift; path = ProductCollectionViewCell.swift; sourceTree = "<group>"; };
		6BC456932492196F00F68466 /* ProductCollectionViewCell.xib */ = {isa = PBXFileReference; lastKnownFileType = file.xib; path = ProductCollectionViewCell.xib; sourceTree = "<group>"; };
		6BC4569624921B6200F68466 /* ProductsViewController.swift */ = {isa = PBXFileReference; lastKnownFileType = sourcecode.swift; path = ProductsViewController.swift; sourceTree = "<group>"; };
		6BC4569824924D2D00F68466 /* CoreData.framework */ = {isa = PBXFileReference; lastKnownFileType = wrapper.framework; name = CoreData.framework; path = System/Library/Frameworks/CoreData.framework; sourceTree = SDKROOT; };
		6BD929022490D720000A081B /* SAT.app */ = {isa = PBXFileReference; explicitFileType = wrapper.application; includeInIndex = 0; path = SAT.app; sourceTree = BUILT_PRODUCTS_DIR; };
		6BD929052490D720000A081B /* AppDelegate.swift */ = {isa = PBXFileReference; lastKnownFileType = sourcecode.swift; path = AppDelegate.swift; sourceTree = "<group>"; };
		6BD929072490D720000A081B /* SceneDelegate.swift */ = {isa = PBXFileReference; lastKnownFileType = sourcecode.swift; path = SceneDelegate.swift; sourceTree = "<group>"; };
		6BD929092490D720000A081B /* ViewController.swift */ = {isa = PBXFileReference; lastKnownFileType = sourcecode.swift; path = ViewController.swift; sourceTree = "<group>"; };
		6BD9290C2490D720000A081B /* Base */ = {isa = PBXFileReference; lastKnownFileType = file.storyboard; name = Base; path = Base.lproj/Main.storyboard; sourceTree = "<group>"; };
		6BD9290F2490D720000A081B /* SAT.xcdatamodel */ = {isa = PBXFileReference; lastKnownFileType = wrapper.xcdatamodel; path = SAT.xcdatamodel; sourceTree = "<group>"; };
		6BD929112490D724000A081B /* Assets.xcassets */ = {isa = PBXFileReference; lastKnownFileType = folder.assetcatalog; path = Assets.xcassets; sourceTree = "<group>"; };
		6BD929142490D724000A081B /* Base */ = {isa = PBXFileReference; lastKnownFileType = file.storyboard; name = Base; path = Base.lproj/LaunchScreen.storyboard; sourceTree = "<group>"; };
		6BD929162490D724000A081B /* Info.plist */ = {isa = PBXFileReference; lastKnownFileType = text.plist.xml; path = Info.plist; sourceTree = "<group>"; };
		6BD9291B2490D724000A081B /* SATTests.xctest */ = {isa = PBXFileReference; explicitFileType = wrapper.cfbundle; includeInIndex = 0; path = SATTests.xctest; sourceTree = BUILT_PRODUCTS_DIR; };
		6BD9291F2490D724000A081B /* SATTests.swift */ = {isa = PBXFileReference; lastKnownFileType = sourcecode.swift; path = SATTests.swift; sourceTree = "<group>"; };
		6BD929212490D724000A081B /* Info.plist */ = {isa = PBXFileReference; lastKnownFileType = text.plist.xml; path = Info.plist; sourceTree = "<group>"; };
		6BD929262490D724000A081B /* SATUITests.xctest */ = {isa = PBXFileReference; explicitFileType = wrapper.cfbundle; includeInIndex = 0; path = SATUITests.xctest; sourceTree = BUILT_PRODUCTS_DIR; };
		6BD9292A2490D724000A081B /* SATUITests.swift */ = {isa = PBXFileReference; lastKnownFileType = sourcecode.swift; path = SATUITests.swift; sourceTree = "<group>"; };
		6BD9292C2490D725000A081B /* Info.plist */ = {isa = PBXFileReference; lastKnownFileType = text.plist.xml; path = Info.plist; sourceTree = "<group>"; };
		6BD9293B2490E28C000A081B /* Utils.swift */ = {isa = PBXFileReference; fileEncoding = 4; lastKnownFileType = sourcecode.swift; path = Utils.swift; sourceTree = "<group>"; };
		6BD9293C2490E28D000A081B /* Reachability.swift */ = {isa = PBXFileReference; fileEncoding = 4; lastKnownFileType = sourcecode.swift; path = Reachability.swift; sourceTree = "<group>"; };
		6BD9293D2490E28D000A081B /* BaseView.swift */ = {isa = PBXFileReference; fileEncoding = 4; lastKnownFileType = sourcecode.swift; path = BaseView.swift; sourceTree = "<group>"; };
		6BD929462490E8F8000A081B /* SAT-Bridging-Header.h */ = {isa = PBXFileReference; lastKnownFileType = sourcecode.c.h; path = "SAT-Bridging-Header.h"; sourceTree = "<group>"; };
		6BD929472490E8F8000A081B /* SWRevealViewController.m */ = {isa = PBXFileReference; fileEncoding = 4; lastKnownFileType = sourcecode.c.objc; path = SWRevealViewController.m; sourceTree = "<group>"; };
		6BD929482490E8F8000A081B /* SWRevealViewController.h */ = {isa = PBXFileReference; fileEncoding = 4; lastKnownFileType = sourcecode.c.h; path = SWRevealViewController.h; sourceTree = "<group>"; };
		6BD9294A2490FF7C000A081B /* NetworkManager.swift */ = {isa = PBXFileReference; lastKnownFileType = sourcecode.swift; path = NetworkManager.swift; sourceTree = "<group>"; };
		6BD9294C249102B0000A081B /* ProductsViewModel.swift */ = {isa = PBXFileReference; lastKnownFileType = sourcecode.swift; path = ProductsViewModel.swift; sourceTree = "<group>"; };
		6BD9294E24910C62000A081B /* CategoryViewController.swift */ = {isa = PBXFileReference; lastKnownFileType = sourcecode.swift; path = CategoryViewController.swift; sourceTree = "<group>"; };
		CB056070D4EFA0877B8C485A /* Pods_SAT_SATUITests.framework */ = {isa = PBXFileReference; explicitFileType = wrapper.framework; includeInIndex = 0; path = Pods_SAT_SATUITests.framework; sourceTree = BUILT_PRODUCTS_DIR; };
		D21D5E1CA13321E0D5BF91DF /* Pods-SAT.debug.xcconfig */ = {isa = PBXFileReference; includeInIndex = 1; lastKnownFileType = text.xcconfig; name = "Pods-SAT.debug.xcconfig"; path = "Target Support Files/Pods-SAT/Pods-SAT.debug.xcconfig"; sourceTree = "<group>"; };
		F83F1482C94C77A59E894BA1 /* Pods-SATTests.release.xcconfig */ = {isa = PBXFileReference; includeInIndex = 1; lastKnownFileType = text.xcconfig; name = "Pods-SATTests.release.xcconfig"; path = "Target Support Files/Pods-SATTests/Pods-SATTests.release.xcconfig"; sourceTree = "<group>"; };
/* End PBXFileReference section */

/* Begin PBXFrameworksBuildPhase section */
		6BD928FF2490D720000A081B /* Frameworks */ = {
			isa = PBXFrameworksBuildPhase;
			buildActionMask = 2147483647;
			files = (
				6BC4569924924D2E00F68466 /* CoreData.framework in Frameworks */,
				CCF0C5B725AEAA90DA6390AB /* Pods_SAT.framework in Frameworks */,
			);
			runOnlyForDeploymentPostprocessing = 0;
		};
		6BD929182490D724000A081B /* Frameworks */ = {
			isa = PBXFrameworksBuildPhase;
			buildActionMask = 2147483647;
			files = (
				D28F6B48F8057EC81B68EBC2 /* Pods_SATTests.framework in Frameworks */,
			);
			runOnlyForDeploymentPostprocessing = 0;
		};
		6BD929232490D724000A081B /* Frameworks */ = {
			isa = PBXFrameworksBuildPhase;
			buildActionMask = 2147483647;
			files = (
				ACF635396861CDDF968774FC /* Pods_SAT_SATUITests.framework in Frameworks */,
			);
			runOnlyForDeploymentPostprocessing = 0;
		};
/* End PBXFrameworksBuildPhase section */

/* Begin PBXGroup section */
		209AF04FC9DC2F1F69DECB89 /* Frameworks */ = {
			isa = PBXGroup;
			children = (
				6BC4569824924D2D00F68466 /* CoreData.framework */,
				4AF11398C5D91CEFFF72FD80 /* Pods_SAT.framework */,
				CB056070D4EFA0877B8C485A /* Pods_SAT_SATUITests.framework */,
				50B2C4AB9894B70867E141DF /* Pods_SATTests.framework */,
			);
			name = Frameworks;
			sourceTree = "<group>";
		};
		6BD928F92490D720000A081B = {
			isa = PBXGroup;
			children = (
				6BD929042490D720000A081B /* SAT */,
				6BD9291E2490D724000A081B /* SATTests */,
				6BD929292490D724000A081B /* SATUITests */,
				6BD929032490D720000A081B /* Products */,
				8A7B21194A18BB84CFA54B53 /* Pods */,
				209AF04FC9DC2F1F69DECB89 /* Frameworks */,
			);
			sourceTree = "<group>";
		};
		6BD929032490D720000A081B /* Products */ = {
			isa = PBXGroup;
			children = (
				6BD929022490D720000A081B /* SAT.app */,
				6BD9291B2490D724000A081B /* SATTests.xctest */,
				6BD929262490D724000A081B /* SATUITests.xctest */,
			);
			name = Products;
			sourceTree = "<group>";
		};
		6BD929042490D720000A081B /* SAT */ = {
			isa = PBXGroup;
			children = (
				6BD929412490E8AE000A081B /* SideBarMenu */,
				6BD9293A2490DDA6000A081B /* Common Classes */,
				6BD929392490DBAD000A081B /* ViewModels */,
				6BD929382490DBA5000A081B /* Views */,
				6BD929052490D720000A081B /* AppDelegate.swift */,
				6BD929072490D720000A081B /* SceneDelegate.swift */,
				6BD929092490D720000A081B /* ViewController.swift */,
				6BD9290B2490D720000A081B /* Main.storyboard */,
				6BD929112490D724000A081B /* Assets.xcassets */,
				6BD929132490D724000A081B /* LaunchScreen.storyboard */,
				6BD929162490D724000A081B /* Info.plist */,
				6BD9290E2490D720000A081B /* SAT.xcdatamodeld */,
			);
			path = SAT;
			sourceTree = "<group>";
		};
		6BD9291E2490D724000A081B /* SATTests */ = {
			isa = PBXGroup;
			children = (
				6BD9291F2490D724000A081B /* SATTests.swift */,
				6BD929212490D724000A081B /* Info.plist */,
			);
			path = SATTests;
			sourceTree = "<group>";
		};
		6BD929292490D724000A081B /* SATUITests */ = {
			isa = PBXGroup;
			children = (
				6BD9292A2490D724000A081B /* SATUITests.swift */,
				6BD9292C2490D725000A081B /* Info.plist */,
			);
			path = SATUITests;
			sourceTree = "<group>";
		};
		6BD929382490DBA5000A081B /* Views */ = {
			isa = PBXGroup;
			children = (
				6BD9294E24910C62000A081B /* CategoryViewController.swift */,
				6BC4568E2491F5ED00F68466 /* CategoryCollectionViewCell.swift */,
				6BC4568F2491F5ED00F68466 /* CategoryCollectionViewCell.xib */,
				6BC456922492196F00F68466 /* ProductCollectionViewCell.swift */,
				6BC456932492196F00F68466 /* ProductCollectionViewCell.xib */,
				6BC4569624921B6200F68466 /* ProductsViewController.swift */,
			);
			path = Views;
			sourceTree = "<group>";
		};
		6BD929392490DBAD000A081B /* ViewModels */ = {
			isa = PBXGroup;
			children = (
				6BD9294C249102B0000A081B /* ProductsViewModel.swift */,
			);
			path = ViewModels;
			sourceTree = "<group>";
		};
		6BD9293A2490DDA6000A081B /* Common Classes */ = {
			isa = PBXGroup;
			children = (
				6BD9293D2490E28D000A081B /* BaseView.swift */,
				6BD9293C2490E28D000A081B /* Reachability.swift */,
				6BD9293B2490E28C000A081B /* Utils.swift */,
				6BD9294A2490FF7C000A081B /* NetworkManager.swift */,
			);
			path = "Common Classes";
			sourceTree = "<group>";
		};
		6BD929412490E8AE000A081B /* SideBarMenu */ = {
			isa = PBXGroup;
			children = (
				6BD929422490E8C4000A081B /* SWRevealViewController */,
			);
			path = SideBarMenu;
			sourceTree = "<group>";
		};
		6BD929422490E8C4000A081B /* SWRevealViewController */ = {
			isa = PBXGroup;
			children = (
				6BD929482490E8F8000A081B /* SWRevealViewController.h */,
				6BD929472490E8F8000A081B /* SWRevealViewController.m */,
				6BD929462490E8F8000A081B /* SAT-Bridging-Header.h */,
			);
			path = SWRevealViewController;
			sourceTree = "<group>";
		};
		8A7B21194A18BB84CFA54B53 /* Pods */ = {
			isa = PBXGroup;
			children = (
				D21D5E1CA13321E0D5BF91DF /* Pods-SAT.debug.xcconfig */,
				675D6F935590FF9956A9D934 /* Pods-SAT.release.xcconfig */,
				2E686059F37BECA62E34FBA0 /* Pods-SAT-SATUITests.debug.xcconfig */,
				06B93BD2F026C36C56928088 /* Pods-SAT-SATUITests.release.xcconfig */,
				6879AD487EC0EEEAF0A4A68E /* Pods-SATTests.debug.xcconfig */,
				F83F1482C94C77A59E894BA1 /* Pods-SATTests.release.xcconfig */,
			);
			path = Pods;
			sourceTree = "<group>";
		};
/* End PBXGroup section */

/* Begin PBXNativeTarget section */
		6BD929012490D720000A081B /* SAT */ = {
			isa = PBXNativeTarget;
			buildConfigurationList = 6BD9292F2490D725000A081B /* Build configuration list for PBXNativeTarget "SAT" */;
			buildPhases = (
				B5DE4DC956DDF617858BAF20 /* [CP] Check Pods Manifest.lock */,
				6BD928FE2490D720000A081B /* Sources */,
				6BD928FF2490D720000A081B /* Frameworks */,
				6BD929002490D720000A081B /* Resources */,
				704150B4D07EE1381981D5AD /* [CP] Embed Pods Frameworks */,
			);
			buildRules = (
			);
			dependencies = (
			);
			name = SAT;
			productName = SAT;
			productReference = 6BD929022490D720000A081B /* SAT.app */;
			productType = "com.apple.product-type.application";
		};
		6BD9291A2490D724000A081B /* SATTests */ = {
			isa = PBXNativeTarget;
			buildConfigurationList = 6BD929322490D725000A081B /* Build configuration list for PBXNativeTarget "SATTests" */;
			buildPhases = (
				6B3F458ACB6734D473DCA4AC /* [CP] Check Pods Manifest.lock */,
				6BD929172490D724000A081B /* Sources */,
				6BD929182490D724000A081B /* Frameworks */,
				6BD929192490D724000A081B /* Resources */,
			);
			buildRules = (
			);
			dependencies = (
				6BD9291D2490D724000A081B /* PBXTargetDependency */,
			);
			name = SATTests;
			productName = SATTests;
			productReference = 6BD9291B2490D724000A081B /* SATTests.xctest */;
			productType = "com.apple.product-type.bundle.unit-test";
		};
		6BD929252490D724000A081B /* SATUITests */ = {
			isa = PBXNativeTarget;
			buildConfigurationList = 6BD929352490D725000A081B /* Build configuration list for PBXNativeTarget "SATUITests" */;
			buildPhases = (
				2044BC0B13E1A947FC73C7F6 /* [CP] Check Pods Manifest.lock */,
				6BD929222490D724000A081B /* Sources */,
				6BD929232490D724000A081B /* Frameworks */,
				6BD929242490D724000A081B /* Resources */,
				F01C459C17714C7FDE737E1F /* [CP] Embed Pods Frameworks */,
			);
			buildRules = (
			);
			dependencies = (
				6BD929282490D724000A081B /* PBXTargetDependency */,
			);
			name = SATUITests;
			productName = SATUITests;
			productReference = 6BD929262490D724000A081B /* SATUITests.xctest */;
			productType = "com.apple.product-type.bundle.ui-testing";
		};
/* End PBXNativeTarget section */

/* Begin PBXProject section */
		6BD928FA2490D720000A081B /* Project object */ = {
			isa = PBXProject;
			attributes = {
				LastSwiftUpdateCheck = 1130;
				LastUpgradeCheck = 1130;
				ORGANIZATIONNAME = Heady;
				TargetAttributes = {
					6BD929012490D720000A081B = {
						CreatedOnToolsVersion = 11.3.1;
						LastSwiftMigration = 1130;
					};
					6BD9291A2490D724000A081B = {
						CreatedOnToolsVersion = 11.3.1;
						TestTargetID = 6BD929012490D720000A081B;
					};
					6BD929252490D724000A081B = {
						CreatedOnToolsVersion = 11.3.1;
						TestTargetID = 6BD929012490D720000A081B;
					};
				};
			};
			buildConfigurationList = 6BD928FD2490D720000A081B /* Build configuration list for PBXProject "SAT" */;
			compatibilityVersion = "Xcode 9.3";
			developmentRegion = en;
			hasScannedForEncodings = 0;
			knownRegions = (
				en,
				Base,
			);
			mainGroup = 6BD928F92490D720000A081B;
			productRefGroup = 6BD929032490D720000A081B /* Products */;
			projectDirPath = "";
			projectRoot = "";
			targets = (
				6BD929012490D720000A081B /* SAT */,
				6BD9291A2490D724000A081B /* SATTests */,
				6BD929252490D724000A081B /* SATUITests */,
			);
		};
/* End PBXProject section */

/* Begin PBXResourcesBuildPhase section */
		6BD929002490D720000A081B /* Resources */ = {
			isa = PBXResourcesBuildPhase;
			buildActionMask = 2147483647;
			files = (
				6BC456912491F5ED00F68466 /* CategoryCollectionViewCell.xib in Resources */,
				6BD929152490D724000A081B /* LaunchScreen.storyboard in Resources */,
				6BC456952492196F00F68466 /* ProductCollectionViewCell.xib in Resources */,
				6BD929122490D724000A081B /* Assets.xcassets in Resources */,
				6BD9290D2490D720000A081B /* Main.storyboard in Resources */,
			);
			runOnlyForDeploymentPostprocessing = 0;
		};
		6BD929192490D724000A081B /* Resources */ = {
			isa = PBXResourcesBuildPhase;
			buildActionMask = 2147483647;
			files = (
			);
			runOnlyForDeploymentPostprocessing = 0;
		};
		6BD929242490D724000A081B /* Resources */ = {
			isa = PBXResourcesBuildPhase;
			buildActionMask = 2147483647;
			files = (
			);
			runOnlyForDeploymentPostprocessing = 0;
		};
/* End PBXResourcesBuildPhase section */

/* Begin PBXShellScriptBuildPhase section */
		2044BC0B13E1A947FC73C7F6 /* [CP] Check Pods Manifest.lock */ = {
			isa = PBXShellScriptBuildPhase;
			buildActionMask = 2147483647;
			files = (
			);
			inputFileListPaths = (
			);
			inputPaths = (
				"${PODS_PODFILE_DIR_PATH}/Podfile.lock",
				"${PODS_ROOT}/Manifest.lock",
			);
			name = "[CP] Check Pods Manifest.lock";
			outputFileListPaths = (
			);
			outputPaths = (
				"$(DERIVED_FILE_DIR)/Pods-SAT-SATUITests-checkManifestLockResult.txt",
			);
			runOnlyForDeploymentPostprocessing = 0;
			shellPath = /bin/sh;
			shellScript = "diff \"${PODS_PODFILE_DIR_PATH}/Podfile.lock\" \"${PODS_ROOT}/Manifest.lock\" > /dev/null\nif [ $? != 0 ] ; then\n    # print error to STDERR\n    echo \"error: The sandbox is not in sync with the Podfile.lock. Run 'pod install' or update your CocoaPods installation.\" >&2\n    exit 1\nfi\n# This output is used by Xcode 'outputs' to avoid re-running this script phase.\necho \"SUCCESS\" > \"${SCRIPT_OUTPUT_FILE_0}\"\n";
			showEnvVarsInLog = 0;
		};
		6B3F458ACB6734D473DCA4AC /* [CP] Check Pods Manifest.lock */ = {
			isa = PBXShellScriptBuildPhase;
			buildActionMask = 2147483647;
			files = (
			);
			inputFileListPaths = (
			);
			inputPaths = (
				"${PODS_PODFILE_DIR_PATH}/Podfile.lock",
				"${PODS_ROOT}/Manifest.lock",
			);
			name = "[CP] Check Pods Manifest.lock";
			outputFileListPaths = (
			);
			outputPaths = (
				"$(DERIVED_FILE_DIR)/Pods-SATTests-checkManifestLockResult.txt",
			);
			runOnlyForDeploymentPostprocessing = 0;
			shellPath = /bin/sh;
			shellScript = "diff \"${PODS_PODFILE_DIR_PATH}/Podfile.lock\" \"${PODS_ROOT}/Manifest.lock\" > /dev/null\nif [ $? != 0 ] ; then\n    # print error to STDERR\n    echo \"error: The sandbox is not in sync with the Podfile.lock. Run 'pod install' or update your CocoaPods installation.\" >&2\n    exit 1\nfi\n# This output is used by Xcode 'outputs' to avoid re-running this script phase.\necho \"SUCCESS\" > \"${SCRIPT_OUTPUT_FILE_0}\"\n";
			showEnvVarsInLog = 0;
		};
		704150B4D07EE1381981D5AD /* [CP] Embed Pods Frameworks */ = {
			isa = PBXShellScriptBuildPhase;
			buildActionMask = 2147483647;
			files = (
			);
			inputFileListPaths = (
				"${PODS_ROOT}/Target Support Files/Pods-SAT/Pods-SAT-frameworks-${CONFIGURATION}-input-files.xcfilelist",
			);
			name = "[CP] Embed Pods Frameworks";
			outputFileListPaths = (
				"${PODS_ROOT}/Target Support Files/Pods-SAT/Pods-SAT-frameworks-${CONFIGURATION}-output-files.xcfilelist",
			);
			runOnlyForDeploymentPostprocessing = 0;
			shellPath = /bin/sh;
			shellScript = "\"${PODS_ROOT}/Target Support Files/Pods-SAT/Pods-SAT-frameworks.sh\"\n";
			showEnvVarsInLog = 0;
		};
		B5DE4DC956DDF617858BAF20 /* [CP] Check Pods Manifest.lock */ = {
			isa = PBXShellScriptBuildPhase;
			buildActionMask = 2147483647;
			files = (
			);
			inputFileListPaths = (
			);
			inputPaths = (
				"${PODS_PODFILE_DIR_PATH}/Podfile.lock",
				"${PODS_ROOT}/Manifest.lock",
			);
			name = "[CP] Check Pods Manifest.lock";
			outputFileListPaths = (
			);
			outputPaths = (
				"$(DERIVED_FILE_DIR)/Pods-SAT-checkManifestLockResult.txt",
			);
			runOnlyForDeploymentPostprocessing = 0;
			shellPath = /bin/sh;
			shellScript = "diff \"${PODS_PODFILE_DIR_PATH}/Podfile.lock\" \"${PODS_ROOT}/Manifest.lock\" > /dev/null\nif [ $? != 0 ] ; then\n    # print error to STDERR\n    echo \"error: The sandbox is not in sync with the Podfile.lock. Run 'pod install' or update your CocoaPods installation.\" >&2\n    exit 1\nfi\n# This output is used by Xcode 'outputs' to avoid re-running this script phase.\necho \"SUCCESS\" > \"${SCRIPT_OUTPUT_FILE_0}\"\n";
			showEnvVarsInLog = 0;
		};
		F01C459C17714C7FDE737E1F /* [CP] Embed Pods Frameworks */ = {
			isa = PBXShellScriptBuildPhase;
			buildActionMask = 2147483647;
			files = (
			);
			inputFileListPaths = (
				"${PODS_ROOT}/Target Support Files/Pods-SAT-SATUITests/Pods-SAT-SATUITests-frameworks-${CONFIGURATION}-input-files.xcfilelist",
			);
			name = "[CP] Embed Pods Frameworks";
			outputFileListPaths = (
				"${PODS_ROOT}/Target Support Files/Pods-SAT-SATUITests/Pods-SAT-SATUITests-frameworks-${CONFIGURATION}-output-files.xcfilelist",
			);
			runOnlyForDeploymentPostprocessing = 0;
			shellPath = /bin/sh;
			shellScript = "\"${PODS_ROOT}/Target Support Files/Pods-SAT-SATUITests/Pods-SAT-SATUITests-frameworks.sh\"\n";
			showEnvVarsInLog = 0;
		};
/* End PBXShellScriptBuildPhase section */

/* Begin PBXSourcesBuildPhase section */
		6BD928FE2490D720000A081B /* Sources */ = {
			isa = PBXSourcesBuildPhase;
			buildActionMask = 2147483647;
			files = (
				6BD9294B2490FF7C000A081B /* NetworkManager.swift in Sources */,
				6BD9293E2490E28D000A081B /* Utils.swift in Sources */,
				6BC4569724921B6200F68466 /* ProductsViewController.swift in Sources */,
				6BD929102490D720000A081B /* SAT.xcdatamodeld in Sources */,
				6BD9293F2490E28D000A081B /* Reachability.swift in Sources */,
				6BC456902491F5ED00F68466 /* CategoryCollectionViewCell.swift in Sources */,
				6BD929492490E8F8000A081B /* SWRevealViewController.m in Sources */,
				6BC456942492196F00F68466 /* ProductCollectionViewCell.swift in Sources */,
				6BD9290A2490D720000A081B /* ViewController.swift in Sources */,
				6BD929402490E28D000A081B /* BaseView.swift in Sources */,
				6BD929062490D720000A081B /* AppDelegate.swift in Sources */,
				6BD9294D249102B0000A081B /* ProductsViewModel.swift in Sources */,
				6BD9294F24910C62000A081B /* CategoryViewController.swift in Sources */,
				6BD929082490D720000A081B /* SceneDelegate.swift in Sources */,
			);
			runOnlyForDeploymentPostprocessing = 0;
		};
		6BD929172490D724000A081B /* Sources */ = {
			isa = PBXSourcesBuildPhase;
			buildActionMask = 2147483647;
			files = (
				6BD929202490D724000A081B /* SATTests.swift in Sources */,
			);
			runOnlyForDeploymentPostprocessing = 0;
		};
		6BD929222490D724000A081B /* Sources */ = {
			isa = PBXSourcesBuildPhase;
			buildActionMask = 2147483647;
			files = (
				6BD9292B2490D724000A081B /* SATUITests.swift in Sources */,
			);
			runOnlyForDeploymentPostprocessing = 0;
		};
/* End PBXSourcesBuildPhase section */

/* Begin PBXTargetDependency section */
		6BD9291D2490D724000A081B /* PBXTargetDependency */ = {
			isa = PBXTargetDependency;
			target = 6BD929012490D720000A081B /* SAT */;
			targetProxy = 6BD9291C2490D724000A081B /* PBXContainerItemProxy */;
		};
		6BD929282490D724000A081B /* PBXTargetDependency */ = {
			isa = PBXTargetDependency;
			target = 6BD929012490D720000A081B /* SAT */;
			targetProxy = 6BD929272490D724000A081B /* PBXContainerItemProxy */;
		};
/* End PBXTargetDependency section */

/* Begin PBXVariantGroup section */
		6BD9290B2490D720000A081B /* Main.storyboard */ = {
			isa = PBXVariantGroup;
			children = (
				6BD9290C2490D720000A081B /* Base */,
			);
			name = Main.storyboard;
			sourceTree = "<group>";
		};
		6BD929132490D724000A081B /* LaunchScreen.storyboard */ = {
			isa = PBXVariantGroup;
			children = (
				6BD929142490D724000A081B /* Base */,
			);
			name = LaunchScreen.storyboard;
			sourceTree = "<group>";
		};
/* End PBXVariantGroup section */

/* Begin XCBuildConfiguration section */
		6BD9292D2490D725000A081B /* Debug */ = {
			isa = XCBuildConfiguration;
			buildSettings = {
				ALWAYS_SEARCH_USER_PATHS = NO;
				CLANG_ANALYZER_NONNULL = YES;
				CLANG_ANALYZER_NUMBER_OBJECT_CONVERSION = YES_AGGRESSIVE;
				CLANG_CXX_LANGUAGE_STANDARD = "gnu++14";
				CLANG_CXX_LIBRARY = "libc++";
				CLANG_ENABLE_MODULES = YES;
				CLANG_ENABLE_OBJC_ARC = YES;
				CLANG_ENABLE_OBJC_WEAK = YES;
				CLANG_WARN_BLOCK_CAPTURE_AUTORELEASING = YES;
				CLANG_WARN_BOOL_CONVERSION = YES;
				CLANG_WARN_COMMA = YES;
				CLANG_WARN_CONSTANT_CONVERSION = YES;
				CLANG_WARN_DEPRECATED_OBJC_IMPLEMENTATIONS = YES;
				CLANG_WARN_DIRECT_OBJC_ISA_USAGE = YES_ERROR;
				CLANG_WARN_DOCUMENTATION_COMMENTS = YES;
				CLANG_WARN_EMPTY_BODY = YES;
				CLANG_WARN_ENUM_CONVERSION = YES;
				CLANG_WARN_INFINITE_RECURSION = YES;
				CLANG_WARN_INT_CONVERSION = YES;
				CLANG_WARN_NON_LITERAL_NULL_CONVERSION = YES;
				CLANG_WARN_OBJC_IMPLICIT_RETAIN_SELF = YES;
				CLANG_WARN_OBJC_LITERAL_CONVERSION = YES;
				CLANG_WARN_OBJC_ROOT_CLASS = YES_ERROR;
				CLANG_WARN_RANGE_LOOP_ANALYSIS = YES;
				CLANG_WARN_STRICT_PROTOTYPES = YES;
				CLANG_WARN_SUSPICIOUS_MOVE = YES;
				CLANG_WARN_UNGUARDED_AVAILABILITY = YES_AGGRESSIVE;
				CLANG_WARN_UNREACHABLE_CODE = YES;
				CLANG_WARN__DUPLICATE_METHOD_MATCH = YES;
				COPY_PHASE_STRIP = NO;
				DEBUG_INFORMATION_FORMAT = dwarf;
				ENABLE_STRICT_OBJC_MSGSEND = YES;
				ENABLE_TESTABILITY = YES;
				GCC_C_LANGUAGE_STANDARD = gnu11;
				GCC_DYNAMIC_NO_PIC = NO;
				GCC_NO_COMMON_BLOCKS = YES;
				GCC_OPTIMIZATION_LEVEL = 0;
				GCC_PREPROCESSOR_DEFINITIONS = (
					"DEBUG=1",
					"$(inherited)",
				);
				GCC_WARN_64_TO_32_BIT_CONVERSION = YES;
				GCC_WARN_ABOUT_RETURN_TYPE = YES_ERROR;
				GCC_WARN_UNDECLARED_SELECTOR = YES;
				GCC_WARN_UNINITIALIZED_AUTOS = YES_AGGRESSIVE;
				GCC_WARN_UNUSED_FUNCTION = YES;
				GCC_WARN_UNUSED_VARIABLE = YES;
				IPHONEOS_DEPLOYMENT_TARGET = 13.2;
				MTL_ENABLE_DEBUG_INFO = INCLUDE_SOURCE;
				MTL_FAST_MATH = YES;
				ONLY_ACTIVE_ARCH = YES;
				SDKROOT = iphoneos;
				SWIFT_ACTIVE_COMPILATION_CONDITIONS = DEBUG;
				SWIFT_OPTIMIZATION_LEVEL = "-Onone";
			};
			name = Debug;
		};
		6BD9292E2490D725000A081B /* Release */ = {
			isa = XCBuildConfiguration;
			buildSettings = {
				ALWAYS_SEARCH_USER_PATHS = NO;
				CLANG_ANALYZER_NONNULL = YES;
				CLANG_ANALYZER_NUMBER_OBJECT_CONVERSION = YES_AGGRESSIVE;
				CLANG_CXX_LANGUAGE_STANDARD = "gnu++14";
				CLANG_CXX_LIBRARY = "libc++";
				CLANG_ENABLE_MODULES = YES;
				CLANG_ENABLE_OBJC_ARC = YES;
				CLANG_ENABLE_OBJC_WEAK = YES;
				CLANG_WARN_BLOCK_CAPTURE_AUTORELEASING = YES;
				CLANG_WARN_BOOL_CONVERSION = YES;
				CLANG_WARN_COMMA = YES;
				CLANG_WARN_CONSTANT_CONVERSION = YES;
				CLANG_WARN_DEPRECATED_OBJC_IMPLEMENTATIONS = YES;
				CLANG_WARN_DIRECT_OBJC_ISA_USAGE = YES_ERROR;
				CLANG_WARN_DOCUMENTATION_COMMENTS = YES;
				CLANG_WARN_EMPTY_BODY = YES;
				CLANG_WARN_ENUM_CONVERSION = YES;
				CLANG_WARN_INFINITE_RECURSION = YES;
				CLANG_WARN_INT_CONVERSION = YES;
				CLANG_WARN_NON_LITERAL_NULL_CONVERSION = YES;
				CLANG_WARN_OBJC_IMPLICIT_RETAIN_SELF = YES;
				CLANG_WARN_OBJC_LITERAL_CONVERSION = YES;
				CLANG_WARN_OBJC_ROOT_CLASS = YES_ERROR;
				CLANG_WARN_RANGE_LOOP_ANALYSIS = YES;
				CLANG_WARN_STRICT_PROTOTYPES = YES;
				CLANG_WARN_SUSPICIOUS_MOVE = YES;
				CLANG_WARN_UNGUARDED_AVAILABILITY = YES_AGGRESSIVE;
				CLANG_WARN_UNREACHABLE_CODE = YES;
				CLANG_WARN__DUPLICATE_METHOD_MATCH = YES;
				COPY_PHASE_STRIP = NO;
				DEBUG_INFORMATION_FORMAT = "dwarf-with-dsym";
				ENABLE_NS_ASSERTIONS = NO;
				ENABLE_STRICT_OBJC_MSGSEND = YES;
				GCC_C_LANGUAGE_STANDARD = gnu11;
				GCC_NO_COMMON_BLOCKS = YES;
				GCC_WARN_64_TO_32_BIT_CONVERSION = YES;
				GCC_WARN_ABOUT_RETURN_TYPE = YES_ERROR;
				GCC_WARN_UNDECLARED_SELECTOR = YES;
				GCC_WARN_UNINITIALIZED_AUTOS = YES_AGGRESSIVE;
				GCC_WARN_UNUSED_FUNCTION = YES;
				GCC_WARN_UNUSED_VARIABLE = YES;
				IPHONEOS_DEPLOYMENT_TARGET = 13.2;
				MTL_ENABLE_DEBUG_INFO = NO;
				MTL_FAST_MATH = YES;
				SDKROOT = iphoneos;
				SWIFT_COMPILATION_MODE = wholemodule;
				SWIFT_OPTIMIZATION_LEVEL = "-O";
				VALIDATE_PRODUCT = YES;
			};
			name = Release;
		};
		6BD929302490D725000A081B /* Debug */ = {
			isa = XCBuildConfiguration;
			baseConfigurationReference = D21D5E1CA13321E0D5BF91DF /* Pods-SAT.debug.xcconfig */;
			buildSettings = {
				ASSETCATALOG_COMPILER_APPICON_NAME = AppIcon;
				CLANG_ENABLE_MODULES = YES;
				CODE_SIGN_STYLE = Automatic;
				INFOPLIST_FILE = SAT/Info.plist;
				LD_RUNPATH_SEARCH_PATHS = (
					"$(inherited)",
					"@executable_path/Frameworks",
				);
				PRODUCT_BUNDLE_IDENTIFIER = com.heady.SAT;
				PRODUCT_NAME = "$(TARGET_NAME)";
				SWIFT_OBJC_BRIDGING_HEADER = "SAT/SideBarMenu/SWRevealViewController/SAT-Bridging-Header.h";
				SWIFT_OPTIMIZATION_LEVEL = "-Onone";
				SWIFT_VERSION = 5.0;
				TARGETED_DEVICE_FAMILY = "1,2";
			};
			name = Debug;
		};
		6BD929312490D725000A081B /* Release */ = {
			isa = XCBuildConfiguration;
			baseConfigurationReference = 675D6F935590FF9956A9D934 /* Pods-SAT.release.xcconfig */;
			buildSettings = {
				ASSETCATALOG_COMPILER_APPICON_NAME = AppIcon;
				CLANG_ENABLE_MODULES = YES;
				CODE_SIGN_STYLE = Automatic;
				INFOPLIST_FILE = SAT/Info.plist;
				LD_RUNPATH_SEARCH_PATHS = (
					"$(inherited)",
					"@executable_path/Frameworks",
				);
				PRODUCT_BUNDLE_IDENTIFIER = com.heady.SAT;
				PRODUCT_NAME = "$(TARGET_NAME)";
				SWIFT_OBJC_BRIDGING_HEADER = "SAT/SideBarMenu/SWRevealViewController/SAT-Bridging-Header.h";
				SWIFT_VERSION = 5.0;
				TARGETED_DEVICE_FAMILY = "1,2";
			};
			name = Release;
		};
		6BD929332490D725000A081B /* Debug */ = {
			isa = XCBuildConfiguration;
			baseConfigurationReference = 6879AD487EC0EEEAF0A4A68E /* Pods-SATTests.debug.xcconfig */;
			buildSettings = {
				ALWAYS_EMBED_SWIFT_STANDARD_LIBRARIES = YES;
				BUNDLE_LOADER = "$(TEST_HOST)";
				CODE_SIGN_STYLE = Automatic;
				INFOPLIST_FILE = SATTests/Info.plist;
				IPHONEOS_DEPLOYMENT_TARGET = 13.2;
				LD_RUNPATH_SEARCH_PATHS = (
					"$(inherited)",
					"@executable_path/Frameworks",
					"@loader_path/Frameworks",
				);
				PRODUCT_BUNDLE_IDENTIFIER = com.heady.SATTests;
				PRODUCT_NAME = "$(TARGET_NAME)";
				SWIFT_VERSION = 5.0;
				TARGETED_DEVICE_FAMILY = "1,2";
				TEST_HOST = "$(BUILT_PRODUCTS_DIR)/SAT.app/SAT";
			};
			name = Debug;
		};
		6BD929342490D725000A081B /* Release */ = {
			isa = XCBuildConfiguration;
			baseConfigurationReference = F83F1482C94C77A59E894BA1 /* Pods-SATTests.release.xcconfig */;
			buildSettings = {
				ALWAYS_EMBED_SWIFT_STANDARD_LIBRARIES = YES;
				BUNDLE_LOADER = "$(TEST_HOST)";
				CODE_SIGN_STYLE = Automatic;
				INFOPLIST_FILE = SATTests/Info.plist;
				IPHONEOS_DEPLOYMENT_TARGET = 13.2;
				LD_RUNPATH_SEARCH_PATHS = (
					"$(inherited)",
					"@executable_path/Frameworks",
					"@loader_path/Frameworks",
				);
				PRODUCT_BUNDLE_IDENTIFIER = com.heady.SATTests;
				PRODUCT_NAME = "$(TARGET_NAME)";
				SWIFT_VERSION = 5.0;
				TARGETED_DEVICE_FAMILY = "1,2";
				TEST_HOST = "$(BUILT_PRODUCTS_DIR)/SAT.app/SAT";
			};
			name = Release;
		};
		6BD929362490D725000A081B /* Debug */ = {
			isa = XCBuildConfiguration;
			baseConfigurationReference = 2E686059F37BECA62E34FBA0 /* Pods-SAT-SATUITests.debug.xcconfig */;
			buildSettings = {
				ALWAYS_EMBED_SWIFT_STANDARD_LIBRARIES = YES;
				CODE_SIGN_STYLE = Automatic;
				INFOPLIST_FILE = SATUITests/Info.plist;
				LD_RUNPATH_SEARCH_PATHS = (
					"$(inherited)",
					"@executable_path/Frameworks",
					"@loader_path/Frameworks",
				);
				PRODUCT_BUNDLE_IDENTIFIER = com.heady.SATUITests;
				PRODUCT_NAME = "$(TARGET_NAME)";
				SWIFT_VERSION = 5.0;
				TARGETED_DEVICE_FAMILY = "1,2";
				TEST_TARGET_NAME = SAT;
			};
			name = Debug;
		};
		6BD929372490D725000A081B /* Release */ = {
			isa = XCBuildConfiguration;
			baseConfigurationReference = 06B93BD2F026C36C56928088 /* Pods-SAT-SATUITests.release.xcconfig */;
			buildSettings = {
				ALWAYS_EMBED_SWIFT_STANDARD_LIBRARIES = YES;
				CODE_SIGN_STYLE = Automatic;
				INFOPLIST_FILE = SATUITests/Info.plist;
				LD_RUNPATH_SEARCH_PATHS = (
					"$(inherited)",
					"@executable_path/Frameworks",
					"@loader_path/Frameworks",
				);
				PRODUCT_BUNDLE_IDENTIFIER = com.heady.SATUITests;
				PRODUCT_NAME = "$(TARGET_NAME)";
				SWIFT_VERSION = 5.0;
				TARGETED_DEVICE_FAMILY = "1,2";
				TEST_TARGET_NAME = SAT;
			};
			name = Release;
		};
/* End XCBuildConfiguration section */

/* Begin XCConfigurationList section */
		6BD928FD2490D720000A081B /* Build configuration list for PBXProject "SAT" */ = {
			isa = XCConfigurationList;
			buildConfigurations = (
				6BD9292D2490D725000A081B /* Debug */,
				6BD9292E2490D725000A081B /* Release */,
			);
			defaultConfigurationIsVisible = 0;
			defaultConfigurationName = Release;
		};
		6BD9292F2490D725000A081B /* Build configuration list for PBXNativeTarget "SAT" */ = {
			isa = XCConfigurationList;
			buildConfigurations = (
				6BD929302490D725000A081B /* Debug */,
				6BD929312490D725000A081B /* Release */,
			);
			defaultConfigurationIsVisible = 0;
			defaultConfigurationName = Release;
		};
		6BD929322490D725000A081B /* Build configuration list for PBXNativeTarget "SATTests" */ = {
			isa = XCConfigurationList;
			buildConfigurations = (
				6BD929332490D725000A081B /* Debug */,
				6BD929342490D725000A081B /* Release */,
			);
			defaultConfigurationIsVisible = 0;
			defaultConfigurationName = Release;
		};
		6BD929352490D725000A081B /* Build configuration list for PBXNativeTarget "SATUITests" */ = {
			isa = XCConfigurationList;
			buildConfigurations = (
				6BD929362490D725000A081B /* Debug */,
				6BD929372490D725000A081B /* Release */,
			);
			defaultConfigurationIsVisible = 0;
			defaultConfigurationName = Release;
		};
/* End XCConfigurationList section */

/* Begin XCVersionGroup section */
		6BD9290E2490D720000A081B /* SAT.xcdatamodeld */ = {
			isa = XCVersionGroup;
			children = (
				6BD9290F2490D720000A081B /* SAT.xcdatamodel */,
			);
			currentVersion = 6BD9290F2490D720000A081B /* SAT.xcdatamodel */;
			path = SAT.xcdatamodeld;
			sourceTree = "<group>";
			versionGroupType = wrapper.xcdatamodel;
		};
/* End XCVersionGroup section */
	};
	rootObject = 6BD928FA2490D720000A081B /* Project object */;
}
